
Microsoft Visual Studio Solution File, Format Version 12.00
Project("{2150E333-8FDC-42A3-9474-1A3956D46DE8}") = "01. Principles", "01. Principles", "{6790A096-082F-4D29-8BDA-0F07E08DC4C2}"
EndProject
Project("{2150E333-8FDC-42A3-9474-1A3956D46DE8}") = "02. Design Patterns", "02. Design Patterns", "{8D7541F0-F891-4698-8A76-8B2C88850BAC}"
EndProject
Project("{2150E333-8FDC-42A3-9474-1A3956D46DE8}") = "01. Solid", "01. Solid", "{CD2C152F-6DCA-43BA-9C3F-FC54CE5A949A}"
EndProject
Project("{2150E333-8FDC-42A3-9474-1A3956D46DE8}") = "01. Single Responsibility", "01. Single Responsibility", "{263F1121-EC88-4B0E-96A0-89B7E24CC266}"
EndProject
Project("{2150E333-8FDC-42A3-9474-1A3956D46DE8}") = "02. Open Closed", "02. Open Closed", "{A8E19079-E163-4304-A549-9CB29B6D845B}"
EndProject
Project("{2150E333-8FDC-42A3-9474-1A3956D46DE8}") = "03. Liskov Substitution", "03. Liskov Substitution", "{4044AB8F-6C89-4BAB-A8C2-7EC3EC540422}"
EndProject
Project("{2150E333-8FDC-42A3-9474-1A3956D46DE8}") = "04. Interface Segregation", "04. Interface Segregation", "{8E70F3E4-7A17-4CB2-87CB-4AC0FFC4ADB4}"
EndProject
Project("{2150E333-8FDC-42A3-9474-1A3956D46DE8}") = "05. Dependency Inversion", "05. Dependency Inversion", "{B6437328-E508-40C2-B377-695AD7E6F4B9}"
EndProject
Project("{2150E333-8FDC-42A3-9474-1A3956D46DE8}") = "01. Creational Patterns", "01. Creational Patterns", "{C2268940-6BFF-4A93-B3CF-88BB08B68A75}"
EndProject
Project("{2150E333-8FDC-42A3-9474-1A3956D46DE8}") = "03. Behavioral Patterns", "03. Behavioral Patterns", "{6DC1A3A6-03BC-42E4-8477-2356CF4C5C5B}"
EndProject
Project("{2150E333-8FDC-42A3-9474-1A3956D46DE8}") = "02. Structural Patterns", "02. Structural Patterns", "{756BB513-E3DC-4376-B8BE-20EEB82FB891}"
EndProject
Project("{2150E333-8FDC-42A3-9474-1A3956D46DE8}") = "01. Singleton", "01. Singleton", "{79B242A2-0963-4E13-BD71-A6022E57D989}"
EndProject
Project("{2150E333-8FDC-42A3-9474-1A3956D46DE8}") = "01. Decorator", "01. Decorator", "{79BAFEBE-9085-45F1-9887-5EA272F3CE53}"
EndProject
Project("{FAE04EC0-301F-11D3-BF4B-00C04F79EFBC}") = "Singleton.Conceptual.Impl", "src\patterns\Singleton.Conceptual.Impl\Singleton.Conceptual.Impl.csproj", "{94C58C4B-44DA-4CC2-8F1D-2B03CF92DFA9}"
EndProject
Project("{FAE04EC0-301F-11D3-BF4B-00C04F79EFBC}") = "Singleton.Conceptual", "src\patterns\Singleton.Conceptual\Singleton.Conceptual.csproj", "{3166C7CA-C6CD-4A60-82C7-9CFD559FFCE7}"
EndProject
Project("{2150E333-8FDC-42A3-9474-1A3956D46DE8}") = "01. Strategy", "01. Strategy", "{5A62424C-6DFB-4C86-8A51-03C54EE87DF4}"
EndProject
Project("{FAE04EC0-301F-11D3-BF4B-00C04F79EFBC}") = "Decorator.Conceptual", "src\patterns\Decorator.Conceptual\Decorator.Conceptual.csproj", "{57291707-6007-4E45-9D1F-A87C315AF454}"
EndProject
Project("{FAE04EC0-301F-11D3-BF4B-00C04F79EFBC}") = "Decorator.Conceptual.Impl", "src\patterns\Decorator.Conceptual.Impl\Decorator.Conceptual.Impl.csproj", "{76037C3E-E26C-4300-A530-6343F2AC2387}"
EndProject
Project("{FAE04EC0-301F-11D3-BF4B-00C04F79EFBC}") = "SingleResponsibility.Problem", "src\solid\SingleResponsibility.Problem\SingleResponsibility.Problem.csproj", "{072F3E9E-A70D-4F28-B345-518A5BF66C0C}"
EndProject
Project("{FAE04EC0-301F-11D3-BF4B-00C04F79EFBC}") = "SingleResponsibility.Solution", "src\solid\SingleResponsibility.Solution\SingleResponsibility.Solution.csproj", "{37BD59F5-104A-4FB4-B35D-8558601CD9CC}"
EndProject
Project("{FAE04EC0-301F-11D3-BF4B-00C04F79EFBC}") = "OpenClosed.Problem", "src\solid\OpenClosed.Problem\OpenClosed.Problem.csproj", "{F57E41DE-BFDC-4EA3-BEB3-9B2411E69A49}"
EndProject
Project("{FAE04EC0-301F-11D3-BF4B-00C04F79EFBC}") = "OpenClosed.Solution", "src\solid\OpenClosed.Solution\OpenClosed.Solution.csproj", "{9F03DC0C-65A4-4A75-B123-41CE67BD79D7}"
EndProject
Project("{FAE04EC0-301F-11D3-BF4B-00C04F79EFBC}") = "LiskovSubstitution.Problem", "src\solid\LiskovSubstitution.Problem\LiskovSubstitution.Problem.csproj", "{1A14E0EB-F13D-4452-8A3D-531C4A6B8509}"
EndProject
Project("{FAE04EC0-301F-11D3-BF4B-00C04F79EFBC}") = "LiskovSubstitution.Solution", "src\solid\LiskovSubstitution.Solution\LiskovSubstitution.Solution.csproj", "{0432BBCB-CBFF-49F6-AF28-C8B12094CAB2}"
EndProject
Project("{FAE04EC0-301F-11D3-BF4B-00C04F79EFBC}") = "Singleton.Practice.Logger.Problem", "src\patterns\Singleton.Practice.Logger.Problem\Singleton.Practice.Logger.Problem.csproj", "{0CB43C1D-FEB5-4D74-B070-EF007A6EB996}"
EndProject
Project("{FAE04EC0-301F-11D3-BF4B-00C04F79EFBC}") = "Decorator.Practice.Discounts.Problem", "src\patterns\Decorator.Practice.Discounts.Problem\Decorator.Practice.Discounts.Problem.csproj", "{6D6443F3-172E-4552-8DD6-6425EFD3B77C}"
EndProject
Project("{FAE04EC0-301F-11D3-BF4B-00C04F79EFBC}") = "Decorator.Practice.Discounts.Shared", "src\patterns\Decorator.Practice.Discounts.Shared\Decorator.Practice.Discounts.Shared.csproj", "{6F51B199-4933-44EF-9893-9940CA391BE9}"
EndProject
Project("{FAE04EC0-301F-11D3-BF4B-00C04F79EFBC}") = "Decorator.Practice.Discounts.Solution", "src\patterns\Decorator.Practice.Discounts.Solution\Decorator.Practice.Discounts.Solution.csproj", "{597DE39A-DF8F-4C76-97A3-966D69EDE1B9}"
EndProject
Project("{FAE04EC0-301F-11D3-BF4B-00C04F79EFBC}") = "Singleton.Practice.Logger.Solution", "src\patterns\Singleton.Practice.Logger.Solution\Singleton.Practice.Logger.Solution.csproj", "{2E284F4C-21CD-40B2-A96A-1AD819BF9324}"
EndProject
Project("{FAE04EC0-301F-11D3-BF4B-00C04F79EFBC}") = "Singleton.Practice.Logger.Shared", "src\patterns\Singleton.Practice.Logger.Shared\Singleton.Practice.Logger.Shared.csproj", "{16D275CB-74D0-4387-B4D7-DCAE8F8B120B}"
EndProject
Project("{FAE04EC0-301F-11D3-BF4B-00C04F79EFBC}") = "Decorator.Practice.Brotato.Problem", "src\patterns\Decorator.Practice.Brotato.Problem\Decorator.Practice.Brotato.Problem.csproj", "{26EFA6CD-976D-4350-A8D5-1D4AAC4D6FF4}"
EndProject
Project("{FAE04EC0-301F-11D3-BF4B-00C04F79EFBC}") = "Decorator.Practice.Brotato.Solution", "src\patterns\Decorator.Practice.Brotato.Solution\Decorator.Practice.Brotato.Solution.csproj", "{9B476E02-6AE1-47FE-805B-FAA2F8FA997E}"
EndProject
Project("{FAE04EC0-301F-11D3-BF4B-00C04F79EFBC}") = "Decorator.Practice.Brotato.Shared", "src\patterns\Decorator.Practice.Brotato.Shared\Decorator.Practice.Brotato.Shared.csproj", "{7B57C658-7C86-4D6B-AFC5-830FAF05E70F}"
EndProject
Project("{FAE04EC0-301F-11D3-BF4B-00C04F79EFBC}") = "Decorator.Practice.DominosPizza.Shared", "src\patterns\Decorator.Practice.DominosPizza.Shared\Decorator.Practice.DominosPizza.Shared.csproj", "{652D01E0-ECF3-4F89-9A40-ADCF3DA8F77D}"
EndProject
Project("{FAE04EC0-301F-11D3-BF4B-00C04F79EFBC}") = "Decorator.Practice.DominosPizza.Problem", "src\patterns\Decorator.Practice.DominosPizza.Problem\Decorator.Practice.DominosPizza.Problem.csproj", "{6FC31954-70A6-46B6-8AA7-F2B84952CA80}"
EndProject
Project("{FAE04EC0-301F-11D3-BF4B-00C04F79EFBC}") = "Decorator.Practice.DominosPizza.Solution", "src\patterns\Decorator.Practice.DominosPizza.Solution\Decorator.Practice.DominosPizza.Solution.csproj", "{37BBA24E-A217-41CA-BBC2-23F7891C2FC1}"
EndProject
Project("{FAE04EC0-301F-11D3-BF4B-00C04F79EFBC}") = "Decorator.Practice.Discounts.UnitTests", "tests\patterns\Decorator.Practice.Discounts.UnitTests\Decorator.Practice.Discounts.UnitTests.csproj", "{B44A416D-5650-47AC-8020-558C3AF33532}"
EndProject
Global
	GlobalSection(SolutionConfigurationPlatforms) = preSolution
		Debug|Any CPU = Debug|Any CPU
		Release|Any CPU = Release|Any CPU
	EndGlobalSection
	GlobalSection(ProjectConfigurationPlatforms) = postSolution
		{94C58C4B-44DA-4CC2-8F1D-2B03CF92DFA9}.Debug|Any CPU.ActiveCfg = Debug|Any CPU
		{94C58C4B-44DA-4CC2-8F1D-2B03CF92DFA9}.Debug|Any CPU.Build.0 = Debug|Any CPU
		{94C58C4B-44DA-4CC2-8F1D-2B03CF92DFA9}.Release|Any CPU.ActiveCfg = Release|Any CPU
		{94C58C4B-44DA-4CC2-8F1D-2B03CF92DFA9}.Release|Any CPU.Build.0 = Release|Any CPU
		{3166C7CA-C6CD-4A60-82C7-9CFD559FFCE7}.Debug|Any CPU.ActiveCfg = Debug|Any CPU
		{3166C7CA-C6CD-4A60-82C7-9CFD559FFCE7}.Debug|Any CPU.Build.0 = Debug|Any CPU
		{3166C7CA-C6CD-4A60-82C7-9CFD559FFCE7}.Release|Any CPU.ActiveCfg = Release|Any CPU
		{3166C7CA-C6CD-4A60-82C7-9CFD559FFCE7}.Release|Any CPU.Build.0 = Release|Any CPU
		{57291707-6007-4E45-9D1F-A87C315AF454}.Debug|Any CPU.ActiveCfg = Debug|Any CPU
		{57291707-6007-4E45-9D1F-A87C315AF454}.Debug|Any CPU.Build.0 = Debug|Any CPU
		{57291707-6007-4E45-9D1F-A87C315AF454}.Release|Any CPU.ActiveCfg = Release|Any CPU
		{57291707-6007-4E45-9D1F-A87C315AF454}.Release|Any CPU.Build.0 = Release|Any CPU
		{76037C3E-E26C-4300-A530-6343F2AC2387}.Debug|Any CPU.ActiveCfg = Debug|Any CPU
		{76037C3E-E26C-4300-A530-6343F2AC2387}.Debug|Any CPU.Build.0 = Debug|Any CPU
		{76037C3E-E26C-4300-A530-6343F2AC2387}.Release|Any CPU.ActiveCfg = Release|Any CPU
		{76037C3E-E26C-4300-A530-6343F2AC2387}.Release|Any CPU.Build.0 = Release|Any CPU
		{072F3E9E-A70D-4F28-B345-518A5BF66C0C}.Debug|Any CPU.ActiveCfg = Debug|Any CPU
		{072F3E9E-A70D-4F28-B345-518A5BF66C0C}.Debug|Any CPU.Build.0 = Debug|Any CPU
		{072F3E9E-A70D-4F28-B345-518A5BF66C0C}.Release|Any CPU.ActiveCfg = Release|Any CPU
		{072F3E9E-A70D-4F28-B345-518A5BF66C0C}.Release|Any CPU.Build.0 = Release|Any CPU
		{37BD59F5-104A-4FB4-B35D-8558601CD9CC}.Debug|Any CPU.ActiveCfg = Debug|Any CPU
		{37BD59F5-104A-4FB4-B35D-8558601CD9CC}.Debug|Any CPU.Build.0 = Debug|Any CPU
		{37BD59F5-104A-4FB4-B35D-8558601CD9CC}.Release|Any CPU.ActiveCfg = Release|Any CPU
		{37BD59F5-104A-4FB4-B35D-8558601CD9CC}.Release|Any CPU.Build.0 = Release|Any CPU
		{F57E41DE-BFDC-4EA3-BEB3-9B2411E69A49}.Debug|Any CPU.ActiveCfg = Debug|Any CPU
		{F57E41DE-BFDC-4EA3-BEB3-9B2411E69A49}.Debug|Any CPU.Build.0 = Debug|Any CPU
		{F57E41DE-BFDC-4EA3-BEB3-9B2411E69A49}.Release|Any CPU.ActiveCfg = Release|Any CPU
		{F57E41DE-BFDC-4EA3-BEB3-9B2411E69A49}.Release|Any CPU.Build.0 = Release|Any CPU
		{9F03DC0C-65A4-4A75-B123-41CE67BD79D7}.Debug|Any CPU.ActiveCfg = Debug|Any CPU
		{9F03DC0C-65A4-4A75-B123-41CE67BD79D7}.Debug|Any CPU.Build.0 = Debug|Any CPU
		{9F03DC0C-65A4-4A75-B123-41CE67BD79D7}.Release|Any CPU.ActiveCfg = Release|Any CPU
		{9F03DC0C-65A4-4A75-B123-41CE67BD79D7}.Release|Any CPU.Build.0 = Release|Any CPU
		{1A14E0EB-F13D-4452-8A3D-531C4A6B8509}.Debug|Any CPU.ActiveCfg = Debug|Any CPU
		{1A14E0EB-F13D-4452-8A3D-531C4A6B8509}.Debug|Any CPU.Build.0 = Debug|Any CPU
		{1A14E0EB-F13D-4452-8A3D-531C4A6B8509}.Release|Any CPU.ActiveCfg = Release|Any CPU
		{1A14E0EB-F13D-4452-8A3D-531C4A6B8509}.Release|Any CPU.Build.0 = Release|Any CPU
		{0432BBCB-CBFF-49F6-AF28-C8B12094CAB2}.Debug|Any CPU.ActiveCfg = Debug|Any CPU
		{0432BBCB-CBFF-49F6-AF28-C8B12094CAB2}.Debug|Any CPU.Build.0 = Debug|Any CPU
		{0432BBCB-CBFF-49F6-AF28-C8B12094CAB2}.Release|Any CPU.ActiveCfg = Release|Any CPU
		{0432BBCB-CBFF-49F6-AF28-C8B12094CAB2}.Release|Any CPU.Build.0 = Release|Any CPU
		{0CB43C1D-FEB5-4D74-B070-EF007A6EB996}.Debug|Any CPU.ActiveCfg = Debug|Any CPU
		{0CB43C1D-FEB5-4D74-B070-EF007A6EB996}.Debug|Any CPU.Build.0 = Debug|Any CPU
		{0CB43C1D-FEB5-4D74-B070-EF007A6EB996}.Release|Any CPU.ActiveCfg = Release|Any CPU
		{0CB43C1D-FEB5-4D74-B070-EF007A6EB996}.Release|Any CPU.Build.0 = Release|Any CPU
		{6D6443F3-172E-4552-8DD6-6425EFD3B77C}.Debug|Any CPU.ActiveCfg = Debug|Any CPU
		{6D6443F3-172E-4552-8DD6-6425EFD3B77C}.Debug|Any CPU.Build.0 = Debug|Any CPU
		{6D6443F3-172E-4552-8DD6-6425EFD3B77C}.Release|Any CPU.ActiveCfg = Release|Any CPU
		{6D6443F3-172E-4552-8DD6-6425EFD3B77C}.Release|Any CPU.Build.0 = Release|Any CPU
		{6F51B199-4933-44EF-9893-9940CA391BE9}.Debug|Any CPU.ActiveCfg = Debug|Any CPU
		{6F51B199-4933-44EF-9893-9940CA391BE9}.Debug|Any CPU.Build.0 = Debug|Any CPU
		{6F51B199-4933-44EF-9893-9940CA391BE9}.Release|Any CPU.ActiveCfg = Release|Any CPU
		{6F51B199-4933-44EF-9893-9940CA391BE9}.Release|Any CPU.Build.0 = Release|Any CPU
		{597DE39A-DF8F-4C76-97A3-966D69EDE1B9}.Debug|Any CPU.ActiveCfg = Debug|Any CPU
		{597DE39A-DF8F-4C76-97A3-966D69EDE1B9}.Debug|Any CPU.Build.0 = Debug|Any CPU
		{597DE39A-DF8F-4C76-97A3-966D69EDE1B9}.Release|Any CPU.ActiveCfg = Release|Any CPU
		{597DE39A-DF8F-4C76-97A3-966D69EDE1B9}.Release|Any CPU.Build.0 = Release|Any CPU
		{2E284F4C-21CD-40B2-A96A-1AD819BF9324}.Debug|Any CPU.ActiveCfg = Debug|Any CPU
		{2E284F4C-21CD-40B2-A96A-1AD819BF9324}.Debug|Any CPU.Build.0 = Debug|Any CPU
		{2E284F4C-21CD-40B2-A96A-1AD819BF9324}.Release|Any CPU.ActiveCfg = Release|Any CPU
		{2E284F4C-21CD-40B2-A96A-1AD819BF9324}.Release|Any CPU.Build.0 = Release|Any CPU
		{16D275CB-74D0-4387-B4D7-DCAE8F8B120B}.Debug|Any CPU.ActiveCfg = Debug|Any CPU
		{16D275CB-74D0-4387-B4D7-DCAE8F8B120B}.Debug|Any CPU.Build.0 = Debug|Any CPU
		{16D275CB-74D0-4387-B4D7-DCAE8F8B120B}.Release|Any CPU.ActiveCfg = Release|Any CPU
		{16D275CB-74D0-4387-B4D7-DCAE8F8B120B}.Release|Any CPU.Build.0 = Release|Any CPU
		{26EFA6CD-976D-4350-A8D5-1D4AAC4D6FF4}.Debug|Any CPU.ActiveCfg = Debug|Any CPU
		{26EFA6CD-976D-4350-A8D5-1D4AAC4D6FF4}.Debug|Any CPU.Build.0 = Debug|Any CPU
		{26EFA6CD-976D-4350-A8D5-1D4AAC4D6FF4}.Release|Any CPU.ActiveCfg = Release|Any CPU
		{26EFA6CD-976D-4350-A8D5-1D4AAC4D6FF4}.Release|Any CPU.Build.0 = Release|Any CPU
		{9B476E02-6AE1-47FE-805B-FAA2F8FA997E}.Debug|Any CPU.ActiveCfg = Debug|Any CPU
		{9B476E02-6AE1-47FE-805B-FAA2F8FA997E}.Debug|Any CPU.Build.0 = Debug|Any CPU
		{9B476E02-6AE1-47FE-805B-FAA2F8FA997E}.Release|Any CPU.ActiveCfg = Release|Any CPU
		{9B476E02-6AE1-47FE-805B-FAA2F8FA997E}.Release|Any CPU.Build.0 = Release|Any CPU
		{7B57C658-7C86-4D6B-AFC5-830FAF05E70F}.Debug|Any CPU.ActiveCfg = Debug|Any CPU
		{7B57C658-7C86-4D6B-AFC5-830FAF05E70F}.Debug|Any CPU.Build.0 = Debug|Any CPU
		{7B57C658-7C86-4D6B-AFC5-830FAF05E70F}.Release|Any CPU.ActiveCfg = Release|Any CPU
		{7B57C658-7C86-4D6B-AFC5-830FAF05E70F}.Release|Any CPU.Build.0 = Release|Any CPU
		{652D01E0-ECF3-4F89-9A40-ADCF3DA8F77D}.Debug|Any CPU.ActiveCfg = Debug|Any CPU
		{652D01E0-ECF3-4F89-9A40-ADCF3DA8F77D}.Debug|Any CPU.Build.0 = Debug|Any CPU
		{652D01E0-ECF3-4F89-9A40-ADCF3DA8F77D}.Release|Any CPU.ActiveCfg = Release|Any CPU
		{652D01E0-ECF3-4F89-9A40-ADCF3DA8F77D}.Release|Any CPU.Build.0 = Release|Any CPU
		{6FC31954-70A6-46B6-8AA7-F2B84952CA80}.Debug|Any CPU.ActiveCfg = Debug|Any CPU
		{6FC31954-70A6-46B6-8AA7-F2B84952CA80}.Debug|Any CPU.Build.0 = Debug|Any CPU
		{6FC31954-70A6-46B6-8AA7-F2B84952CA80}.Release|Any CPU.ActiveCfg = Release|Any CPU
		{6FC31954-70A6-46B6-8AA7-F2B84952CA80}.Release|Any CPU.Build.0 = Release|Any CPU
		{37BBA24E-A217-41CA-BBC2-23F7891C2FC1}.Debug|Any CPU.ActiveCfg = Debug|Any CPU
		{37BBA24E-A217-41CA-BBC2-23F7891C2FC1}.Debug|Any CPU.Build.0 = Debug|Any CPU
		{37BBA24E-A217-41CA-BBC2-23F7891C2FC1}.Release|Any CPU.ActiveCfg = Release|Any CPU
		{37BBA24E-A217-41CA-BBC2-23F7891C2FC1}.Release|Any CPU.Build.0 = Release|Any CPU
		{B44A416D-5650-47AC-8020-558C3AF33532}.Debug|Any CPU.ActiveCfg = Debug|Any CPU
		{B44A416D-5650-47AC-8020-558C3AF33532}.Debug|Any CPU.Build.0 = Debug|Any CPU
		{B44A416D-5650-47AC-8020-558C3AF33532}.Release|Any CPU.ActiveCfg = Release|Any CPU
		{B44A416D-5650-47AC-8020-558C3AF33532}.Release|Any CPU.Build.0 = Release|Any CPU
	EndGlobalSection
	GlobalSection(NestedProjects) = preSolution
		{CD2C152F-6DCA-43BA-9C3F-FC54CE5A949A} = {6790A096-082F-4D29-8BDA-0F07E08DC4C2}
		{263F1121-EC88-4B0E-96A0-89B7E24CC266} = {CD2C152F-6DCA-43BA-9C3F-FC54CE5A949A}
		{A8E19079-E163-4304-A549-9CB29B6D845B} = {CD2C152F-6DCA-43BA-9C3F-FC54CE5A949A}
		{4044AB8F-6C89-4BAB-A8C2-7EC3EC540422} = {CD2C152F-6DCA-43BA-9C3F-FC54CE5A949A}
		{8E70F3E4-7A17-4CB2-87CB-4AC0FFC4ADB4} = {CD2C152F-6DCA-43BA-9C3F-FC54CE5A949A}
		{B6437328-E508-40C2-B377-695AD7E6F4B9} = {CD2C152F-6DCA-43BA-9C3F-FC54CE5A949A}
		{C2268940-6BFF-4A93-B3CF-88BB08B68A75} = {8D7541F0-F891-4698-8A76-8B2C88850BAC}
		{6DC1A3A6-03BC-42E4-8477-2356CF4C5C5B} = {8D7541F0-F891-4698-8A76-8B2C88850BAC}
		{756BB513-E3DC-4376-B8BE-20EEB82FB891} = {8D7541F0-F891-4698-8A76-8B2C88850BAC}
		{79B242A2-0963-4E13-BD71-A6022E57D989} = {C2268940-6BFF-4A93-B3CF-88BB08B68A75}
		{79BAFEBE-9085-45F1-9887-5EA272F3CE53} = {756BB513-E3DC-4376-B8BE-20EEB82FB891}
		{94C58C4B-44DA-4CC2-8F1D-2B03CF92DFA9} = {79B242A2-0963-4E13-BD71-A6022E57D989}
		{3166C7CA-C6CD-4A60-82C7-9CFD559FFCE7} = {79B242A2-0963-4E13-BD71-A6022E57D989}
		{5A62424C-6DFB-4C86-8A51-03C54EE87DF4} = {6DC1A3A6-03BC-42E4-8477-2356CF4C5C5B}
		{57291707-6007-4E45-9D1F-A87C315AF454} = {79BAFEBE-9085-45F1-9887-5EA272F3CE53}
		{76037C3E-E26C-4300-A530-6343F2AC2387} = {79BAFEBE-9085-45F1-9887-5EA272F3CE53}
		{072F3E9E-A70D-4F28-B345-518A5BF66C0C} = {263F1121-EC88-4B0E-96A0-89B7E24CC266}
		{37BD59F5-104A-4FB4-B35D-8558601CD9CC} = {263F1121-EC88-4B0E-96A0-89B7E24CC266}
		{F57E41DE-BFDC-4EA3-BEB3-9B2411E69A49} = {A8E19079-E163-4304-A549-9CB29B6D845B}
		{9F03DC0C-65A4-4A75-B123-41CE67BD79D7} = {A8E19079-E163-4304-A549-9CB29B6D845B}
		{1A14E0EB-F13D-4452-8A3D-531C4A6B8509} = {4044AB8F-6C89-4BAB-A8C2-7EC3EC540422}
		{0432BBCB-CBFF-49F6-AF28-C8B12094CAB2} = {4044AB8F-6C89-4BAB-A8C2-7EC3EC540422}
		{0CB43C1D-FEB5-4D74-B070-EF007A6EB996} = {79B242A2-0963-4E13-BD71-A6022E57D989}
		{6D6443F3-172E-4552-8DD6-6425EFD3B77C} = {79BAFEBE-9085-45F1-9887-5EA272F3CE53}
		{6F51B199-4933-44EF-9893-9940CA391BE9} = {79BAFEBE-9085-45F1-9887-5EA272F3CE53}
		{597DE39A-DF8F-4C76-97A3-966D69EDE1B9} = {79BAFEBE-9085-45F1-9887-5EA272F3CE53}
		{2E284F4C-21CD-40B2-A96A-1AD819BF9324} = {79B242A2-0963-4E13-BD71-A6022E57D989}
		{16D275CB-74D0-4387-B4D7-DCAE8F8B120B} = {79B242A2-0963-4E13-BD71-A6022E57D989}
		{26EFA6CD-976D-4350-A8D5-1D4AAC4D6FF4} = {79BAFEBE-9085-45F1-9887-5EA272F3CE53}
		{9B476E02-6AE1-47FE-805B-FAA2F8FA997E} = {79BAFEBE-9085-45F1-9887-5EA272F3CE53}
		{7B57C658-7C86-4D6B-AFC5-830FAF05E70F} = {79BAFEBE-9085-45F1-9887-5EA272F3CE53}
		{652D01E0-ECF3-4F89-9A40-ADCF3DA8F77D} = {79BAFEBE-9085-45F1-9887-5EA272F3CE53}
		{6FC31954-70A6-46B6-8AA7-F2B84952CA80} = {79BAFEBE-9085-45F1-9887-5EA272F3CE53}
		{37BBA24E-A217-41CA-BBC2-23F7891C2FC1} = {79BAFEBE-9085-45F1-9887-5EA272F3CE53}
		{B44A416D-5650-47AC-8020-558C3AF33532} = {79BAFEBE-9085-45F1-9887-5EA272F3CE53}
	EndGlobalSection
EndGlobal
